
Microsoft Visual Studio Solution File, Format Version 12.00
# Visual Studio Version 17
VisualStudioVersion = 17.9.34607.119
MinimumVisualStudioVersion = 10.0.40219.1
Project("{FAE04EC0-301F-11D3-BF4B-00C04F79EFBC}") = "total_maximum_and_minimum_tota_amount", "total_maximum_and_minimum_tota_amount\total_maximum_and_minimum_tota_amount.csproj", "{B455EAA2-D2C8-4226-BEC0-533294FB9A2A}"
EndProject
Global
	GlobalSection(SolutionConfigurationPlatforms) = preSolution
		Debug|Any CPU = Debug|Any CPU
		Release|Any CPU = Release|Any CPU
	EndGlobalSection
	GlobalSection(ProjectConfigurationPlatforms) = postSolution
		{B455EAA2-D2C8-4226-BEC0-533294FB9A2A}.Debug|Any CPU.ActiveCfg = Debug|Any CPU
		{B455EAA2-D2C8-4226-BEC0-533294FB9A2A}.Debug|Any CPU.Build.0 = Debug|Any CPU
		{B455EAA2-D2C8-4226-BEC0-533294FB9A2A}.Release|Any CPU.ActiveCfg = Release|Any CPU
		{B455EAA2-D2C8-4226-BEC0-533294FB9A2A}.Release|Any CPU.Build.0 = Release|Any CPU
	EndGlobalSection
	GlobalSection(SolutionProperties) = preSolution
		HideSolutionNode = FALSE
	EndGlobalSection
	GlobalSection(ExtensibilityGlobals) = postSolution
		SolutionGuid = {330F8BFF-EE70-4DEF-BAD0-B91A073D31FC}
	EndGlobalSection
EndGlobal
